// !$*UTF8*$!
{
	archiveVersion = 1;
	classes = {
	};
	objectVersion = 56;
	objects = {

/* Begin PBXBuildFile section */
		20C1CBE166227ECA1EE08FF4 /* SceneDelegate.swift in Sources */ = {isa = PBXBuildFile; fileRef = 5F0981D62665C4F951905E93 /* SceneDelegate.swift */; };
		4972FA452B55B95E00D58529 /* PlayerView.swift in Sources */ = {isa = PBXBuildFile; fileRef = 4972FA442B55B95E00D58529 /* PlayerView.swift */; };
		4972FA472B5696BA00D58529 /* DownloadView.swift in Sources */ = {isa = PBXBuildFile; fileRef = 4972FA462B5696BA00D58529 /* DownloadView.swift */; };
		4972FA492B5696C300D58529 /* DownloadViewModel.swift in Sources */ = {isa = PBXBuildFile; fileRef = 4972FA482B5696C300D58529 /* DownloadViewModel.swift */; };
		4972FA4C2B56AD1C00D58529 /* DownloadService.swift in Sources */ = {isa = PBXBuildFile; fileRef = 4972FA4B2B56AD1C00D58529 /* DownloadService.swift */; };
		4972FA4E2B5E99C800D58529 /* Navigatable.swift in Sources */ = {isa = PBXBuildFile; fileRef = 4972FA4D2B5E99C800D58529 /* Navigatable.swift */; };
		4972FA502B5E9D4B00D58529 /* Style.swift in Sources */ = {isa = PBXBuildFile; fileRef = 4972FA4F2B5E9D4B00D58529 /* Style.swift */; };
		4972FA522B5EA42600D58529 /* FileManager+Extenstions.swift in Sources */ = {isa = PBXBuildFile; fileRef = 4972FA512B5EA42600D58529 /* FileManager+Extenstions.swift */; };
		4972FA542B5EAE7C00D58529 /* DownloadDrm.swift in Sources */ = {isa = PBXBuildFile; fileRef = 4972FA532B5EAE7C00D58529 /* DownloadDrm.swift */; };
		4972FA562B5EB58700D58529 /* OfflineDrm.swift in Sources */ = {isa = PBXBuildFile; fileRef = 4972FA552B5EB58700D58529 /* OfflineDrm.swift */; };
		49C647A92B4820FE0007A1F9 /* RootViewModel.swift in Sources */ = {isa = PBXBuildFile; fileRef = 49C647A82B4820FE0007A1F9 /* RootViewModel.swift */; };
		49C647AD2B486FDD0007A1F9 /* PlayerViewModel.swift in Sources */ = {isa = PBXBuildFile; fileRef = 49C647AC2B486FDD0007A1F9 /* PlayerViewModel.swift */; };
		49C647AF2B4872F80007A1F9 /* Types.swift in Sources */ = {isa = PBXBuildFile; fileRef = 49C647AE2B4872F80007A1F9 /* Types.swift */; };
		49C647B12B4873660007A1F9 /* OnlineDrm.swift in Sources */ = {isa = PBXBuildFile; fileRef = 49C647B02B4873660007A1F9 /* OnlineDrm.swift */; };
		49C647B32B48758E0007A1F9 /* URLLoader.swift in Sources */ = {isa = PBXBuildFile; fileRef = 49C647B22B48758E0007A1F9 /* URLLoader.swift */; };
		49C647B52B4878420007A1F9 /* Hex.swift in Sources */ = {isa = PBXBuildFile; fileRef = 49C647B42B4878420007A1F9 /* Hex.swift */; };
		6752861B91B3850A73D1D311 /* Foundation.framework in Frameworks */ = {isa = PBXBuildFile; fileRef = F7ED51738CF43548BDC914D1 /* Foundation.framework */; };
		A9E2F6DE10385083A2080D57 /* AppDelegate.swift in Sources */ = {isa = PBXBuildFile; fileRef = 5810BC26F2EBFBD1513161A8 /* AppDelegate.swift */; };
		ADE0BECE92423161A13645B2 /* RootView.swift in Sources */ = {isa = PBXBuildFile; fileRef = ADE0BD662A24031B999619AD /* RootView.swift */; };
		F1A43B6A6B710D3854F8E640 /* ExampleTests.swift in Sources */ = {isa = PBXBuildFile; fileRef = 4C8A2EC2A19870E006FDA611 /* ExampleTests.swift */; };
		F82B33E97AF11C2D5D9A659A /* Assets.xcassets in Resources */ = {isa = PBXBuildFile; fileRef = 5C9BA92B4C370D66B9AB0595 /* Assets.xcassets */; };
/* End PBXBuildFile section */

/* Begin PBXContainerItemProxy section */
		89BB18C761616FF50DD11165 /* PBXContainerItemProxy */ = {
			isa = PBXContainerItemProxy;
			containerPortal = CA8E1E974698BC95958F017F /* Project object */;
			proxyType = 1;
			remoteGlobalIDString = 9878B5EABC7D83477291BAFC;
			remoteInfo = Example;
		};
/* End PBXContainerItemProxy section */

/* Begin PBXFileReference section */
		4972FA442B55B95E00D58529 /* PlayerView.swift */ = {isa = PBXFileReference; lastKnownFileType = sourcecode.swift; path = PlayerView.swift; sourceTree = "<group>"; };
		4972FA462B5696BA00D58529 /* DownloadView.swift */ = {isa = PBXFileReference; lastKnownFileType = sourcecode.swift; path = DownloadView.swift; sourceTree = "<group>"; };
		4972FA482B5696C300D58529 /* DownloadViewModel.swift */ = {isa = PBXFileReference; lastKnownFileType = sourcecode.swift; path = DownloadViewModel.swift; sourceTree = "<group>"; };
		4972FA4B2B56AD1C00D58529 /* DownloadService.swift */ = {isa = PBXFileReference; lastKnownFileType = sourcecode.swift; path = DownloadService.swift; sourceTree = "<group>"; };
		4972FA4D2B5E99C800D58529 /* Navigatable.swift */ = {isa = PBXFileReference; lastKnownFileType = sourcecode.swift; path = Navigatable.swift; sourceTree = "<group>"; };
		4972FA4F2B5E9D4B00D58529 /* Style.swift */ = {isa = PBXFileReference; lastKnownFileType = sourcecode.swift; path = Style.swift; sourceTree = "<group>"; };
		4972FA512B5EA42600D58529 /* FileManager+Extenstions.swift */ = {isa = PBXFileReference; lastKnownFileType = sourcecode.swift; path = "FileManager+Extenstions.swift"; sourceTree = "<group>"; };
		4972FA532B5EAE7C00D58529 /* DownloadDrm.swift */ = {isa = PBXFileReference; lastKnownFileType = sourcecode.swift; path = DownloadDrm.swift; sourceTree = "<group>"; };
		4972FA552B5EB58700D58529 /* OfflineDrm.swift */ = {isa = PBXFileReference; lastKnownFileType = sourcecode.swift; path = OfflineDrm.swift; sourceTree = "<group>"; };
		49C647A82B4820FE0007A1F9 /* RootViewModel.swift */ = {isa = PBXFileReference; lastKnownFileType = sourcecode.swift; path = RootViewModel.swift; sourceTree = "<group>"; };
		49C647AC2B486FDD0007A1F9 /* PlayerViewModel.swift */ = {isa = PBXFileReference; lastKnownFileType = sourcecode.swift; path = PlayerViewModel.swift; sourceTree = "<group>"; };
		49C647AE2B4872F80007A1F9 /* Types.swift */ = {isa = PBXFileReference; lastKnownFileType = sourcecode.swift; path = Types.swift; sourceTree = "<group>"; };
		49C647B02B4873660007A1F9 /* OnlineDrm.swift */ = {isa = PBXFileReference; lastKnownFileType = sourcecode.swift; path = OnlineDrm.swift; sourceTree = "<group>"; };
		49C647B22B48758E0007A1F9 /* URLLoader.swift */ = {isa = PBXFileReference; lastKnownFileType = sourcecode.swift; path = URLLoader.swift; sourceTree = "<group>"; };
		49C647B42B4878420007A1F9 /* Hex.swift */ = {isa = PBXFileReference; lastKnownFileType = sourcecode.swift; path = Hex.swift; sourceTree = "<group>"; };
		4C8A2EC2A19870E006FDA611 /* ExampleTests.swift */ = {isa = PBXFileReference; lastKnownFileType = sourcecode.swift; path = ExampleTests.swift; sourceTree = "<group>"; };
		5810BC26F2EBFBD1513161A8 /* AppDelegate.swift */ = {isa = PBXFileReference; lastKnownFileType = sourcecode.swift; path = AppDelegate.swift; sourceTree = "<group>"; };
		5C9BA92B4C370D66B9AB0595 /* Assets.xcassets */ = {isa = PBXFileReference; lastKnownFileType = folder.assetcatalog; path = Assets.xcassets; sourceTree = "<group>"; };
		5F0981D62665C4F951905E93 /* SceneDelegate.swift */ = {isa = PBXFileReference; lastKnownFileType = sourcecode.swift; path = SceneDelegate.swift; sourceTree = "<group>"; };
		ADE0BD662A24031B999619AD /* RootView.swift */ = {isa = PBXFileReference; fileEncoding = 4; lastKnownFileType = sourcecode.swift; path = RootView.swift; sourceTree = "<group>"; };
		E49484C5AC14E0C34C8997F5 /* ExampleTests.xctest */ = {isa = PBXFileReference; includeInIndex = 0; lastKnownFileType = wrapper.cfbundle; path = ExampleTests.xctest; sourceTree = BUILT_PRODUCTS_DIR; };
		F3F99ADF1291C2E06838E56B /* Info.plist */ = {isa = PBXFileReference; lastKnownFileType = text.plist; path = Info.plist; sourceTree = "<group>"; };
		F6FE7BF0248FC2FF22A10D63 /* Example.app */ = {isa = PBXFileReference; explicitFileType = wrapper.application; includeInIndex = 0; path = Example.app; sourceTree = BUILT_PRODUCTS_DIR; };
		F7ED51738CF43548BDC914D1 /* Foundation.framework */ = {isa = PBXFileReference; lastKnownFileType = wrapper.framework; name = Foundation.framework; path = System/Library/Frameworks/Foundation.framework; sourceTree = SDKROOT; };
/* End PBXFileReference section */

/* Begin PBXFrameworksBuildPhase section */
		6307F751410376D3AF6C5126 /* Frameworks */ = {
			isa = PBXFrameworksBuildPhase;
			buildActionMask = 2147483647;
			files = (
				6752861B91B3850A73D1D311 /* Foundation.framework in Frameworks */,
			);
			runOnlyForDeploymentPostprocessing = 0;
		};
/* End PBXFrameworksBuildPhase section */

/* Begin PBXGroup section */
		26A321A58473DDB9925D8DE9 /* ExampleTests */ = {
			isa = PBXGroup;
			children = (
				4C8A2EC2A19870E006FDA611 /* ExampleTests.swift */,
			);
			path = ExampleTests;
			sourceTree = "<group>";
		};
		27D3E6054028BE8DA615EFF7 /* AppDelegate */ = {
			isa = PBXGroup;
			children = (
				5810BC26F2EBFBD1513161A8 /* AppDelegate.swift */,
				5F0981D62665C4F951905E93 /* SceneDelegate.swift */,
			);
			path = AppDelegate;
			sourceTree = "<group>";
		};
		3031F8ABC084F8D43CC56342 /* Products */ = {
			isa = PBXGroup;
			children = (
				F6FE7BF0248FC2FF22A10D63 /* Example.app */,
				E49484C5AC14E0C34C8997F5 /* ExampleTests.xctest */,
			);
			name = Products;
			sourceTree = "<group>";
		};
		4972FA4A2B56ACFC00D58529 /* DownloadService */ = {
			isa = PBXGroup;
			children = (
				4972FA4B2B56AD1C00D58529 /* DownloadService.swift */,
			);
			path = DownloadService;
			sourceTree = "<group>";
		};
		4F160DA0426D18FD4DFD3610 /* Example */ = {
			isa = PBXGroup;
			children = (
				C54A6F7D665A44F223DA8433 /* Misc */,
				F312E3D139A512DA7D1ECE0B /* Resources */,
				74CE6199CACD1DF46609D249 /* Sources */,
			);
			path = Example;
			sourceTree = "<group>";
		};
		54E0667A38E60354DB90F776 = {
			isa = PBXGroup;
			children = (
				4F160DA0426D18FD4DFD3610 /* Example */,
				26A321A58473DDB9925D8DE9 /* ExampleTests */,
				E0BB2731AA8027A9634A6861 /* Frameworks */,
				3031F8ABC084F8D43CC56342 /* Products */,
			);
			sourceTree = "<group>";
		};
		74CE6199CACD1DF46609D249 /* Sources */ = {
			isa = PBXGroup;
			children = (
				27D3E6054028BE8DA615EFF7 /* AppDelegate */,
				7868F7A7092CA6A31467AB74 /* Views */,
				ADE0B381ECB333772D61412B /* Core */,
				ADE0B6D3CDAA06EDF64A0503 /* Utils */,
			);
			path = Sources;
			sourceTree = "<group>";
		};
		7868F7A7092CA6A31467AB74 /* Views */ = {
			isa = PBXGroup;
			children = (
				ADE0BC5694C4A48A4D9045A3 /* Root */,
				ADE0BE3F495D609814425B0C /* Player */,
				ADE0BB457BCA796630068217 /* Download */,
				ADE0B19D1523E8F290BAC776 /* Style */,
			);
			path = Views;
			sourceTree = "<group>";
		};
		ADE0B19D1523E8F290BAC776 /* Style */ = {
			isa = PBXGroup;
			children = (
				4972FA4F2B5E9D4B00D58529 /* Style.swift */,
			);
			path = Style;
			sourceTree = "<group>";
		};
		ADE0B381ECB333772D61412B /* Core */ = {
			isa = PBXGroup;
			children = (
				4972FA4A2B56ACFC00D58529 /* DownloadService */,
				ADE0BFA3EBD774FE84E1922F /* Drm */,
				ADE0B4CDEA4EDB935D805830 /* Loader */,
			);
			path = Core;
			sourceTree = "<group>";
		};
		ADE0B4CDEA4EDB935D805830 /* Loader */ = {
			isa = PBXGroup;
			children = (
				49C647B22B48758E0007A1F9 /* URLLoader.swift */,
			);
			path = Loader;
			sourceTree = "<group>";
		};
		ADE0B6D3CDAA06EDF64A0503 /* Utils */ = {
			isa = PBXGroup;
			children = (
				49C647AE2B4872F80007A1F9 /* Types.swift */,
				49C647B42B4878420007A1F9 /* Hex.swift */,
				4972FA4D2B5E99C800D58529 /* Navigatable.swift */,
				4972FA512B5EA42600D58529 /* FileManager+Extenstions.swift */,
			);
			path = Utils;
			sourceTree = "<group>";
		};
		ADE0BB457BCA796630068217 /* Download */ = {
			isa = PBXGroup;
			children = (
				4972FA462B5696BA00D58529 /* DownloadView.swift */,
				4972FA482B5696C300D58529 /* DownloadViewModel.swift */,
			);
			path = Download;
			sourceTree = "<group>";
		};
		ADE0BC5694C4A48A4D9045A3 /* Root */ = {
			isa = PBXGroup;
			children = (
				ADE0BD662A24031B999619AD /* RootView.swift */,
				49C647A82B4820FE0007A1F9 /* RootViewModel.swift */,
			);
			path = Root;
			sourceTree = "<group>";
		};
		ADE0BE3F495D609814425B0C /* Player */ = {
			isa = PBXGroup;
			children = (
				49C647AC2B486FDD0007A1F9 /* PlayerViewModel.swift */,
				4972FA442B55B95E00D58529 /* PlayerView.swift */,
			);
			path = Player;
			sourceTree = "<group>";
		};
		ADE0BFA3EBD774FE84E1922F /* Drm */ = {
			isa = PBXGroup;
			children = (
				49C647B02B4873660007A1F9 /* OnlineDrm.swift */,
				4972FA532B5EAE7C00D58529 /* DownloadDrm.swift */,
				4972FA552B5EB58700D58529 /* OfflineDrm.swift */,
			);
			path = Drm;
			sourceTree = "<group>";
		};
		C54A6F7D665A44F223DA8433 /* Misc */ = {
			isa = PBXGroup;
			children = (
				F3F99ADF1291C2E06838E56B /* Info.plist */,
			);
			path = Misc;
			sourceTree = "<group>";
		};
		E0BB2731AA8027A9634A6861 /* Frameworks */ = {
			isa = PBXGroup;
			children = (
				F7ED51738CF43548BDC914D1 /* Foundation.framework */,
			);
			name = Frameworks;
			sourceTree = "<group>";
		};
		F312E3D139A512DA7D1ECE0B /* Resources */ = {
			isa = PBXGroup;
			children = (
				5C9BA92B4C370D66B9AB0595 /* Assets.xcassets */,
			);
			path = Resources;
			sourceTree = "<group>";
		};
/* End PBXGroup section */

/* Begin PBXNativeTarget section */
		3591DD4F91C09DA5DF92CC1F /* ExampleTests */ = {
			isa = PBXNativeTarget;
			buildConfigurationList = E77C6B9F1074A70FE3E3385A /* Build configuration list for PBXNativeTarget "ExampleTests" */;
			buildPhases = (
				D48FB73764E18C3524F4166B /* Sources */,
			);
			buildRules = (
			);
			dependencies = (
				33DB213976662BD0F417E6A8 /* PBXTargetDependency */,
			);
			name = ExampleTests;
			productName = ExampleTests;
			productReference = E49484C5AC14E0C34C8997F5 /* ExampleTests.xctest */;
			productType = "com.apple.product-type.bundle.unit-test";
		};
		9878B5EABC7D83477291BAFC /* Example */ = {
			isa = PBXNativeTarget;
			buildConfigurationList = 2557384DB91FFBC8B78A3DC4 /* Build configuration list for PBXNativeTarget "Example" */;
			buildPhases = (
				111FF52307B445A964A77FE3 /* Sources */,
				F6D7A45039F9699F86B7F544 /* Resources */,
				6307F751410376D3AF6C5126 /* Frameworks */,
			);
			buildRules = (
			);
			dependencies = (
			);
			name = Example;
			productName = Example;
			productReference = F6FE7BF0248FC2FF22A10D63 /* Example.app */;
			productType = "com.apple.product-type.application";
		};
/* End PBXNativeTarget section */

/* Begin PBXProject section */
		CA8E1E974698BC95958F017F /* Project object */ = {
			isa = PBXProject;
			attributes = {
				BuildIndependentTargetsInParallel = YES;
				LastUpgradeCheck = 1430;
				TargetAttributes = {
					3591DD4F91C09DA5DF92CC1F = {
						ProvisioningStyle = Automatic;
					};
					9878B5EABC7D83477291BAFC = {
						ProvisioningStyle = Automatic;
					};
				};
			};
			buildConfigurationList = 36FC72E69D906F48675C62BF /* Build configuration list for PBXProject "Example" */;
			compatibilityVersion = "Xcode 14.0";
			developmentRegion = en;
			hasScannedForEncodings = 0;
			knownRegions = (
				Base,
				en,
			);
			mainGroup = 54E0667A38E60354DB90F776;
			projectDirPath = "";
			projectRoot = "";
			targets = (
				9878B5EABC7D83477291BAFC /* Example */,
				3591DD4F91C09DA5DF92CC1F /* ExampleTests */,
			);
		};
/* End PBXProject section */

/* Begin PBXResourcesBuildPhase section */
		F6D7A45039F9699F86B7F544 /* Resources */ = {
			isa = PBXResourcesBuildPhase;
			buildActionMask = 2147483647;
			files = (
				F82B33E97AF11C2D5D9A659A /* Assets.xcassets in Resources */,
			);
			runOnlyForDeploymentPostprocessing = 0;
		};
/* End PBXResourcesBuildPhase section */

/* Begin PBXSourcesBuildPhase section */
		111FF52307B445A964A77FE3 /* Sources */ = {
			isa = PBXSourcesBuildPhase;
			buildActionMask = 2147483647;
			files = (
				4972FA4E2B5E99C800D58529 /* Navigatable.swift in Sources */,
				A9E2F6DE10385083A2080D57 /* AppDelegate.swift in Sources */,
				4972FA522B5EA42600D58529 /* FileManager+Extenstions.swift in Sources */,
				49C647AD2B486FDD0007A1F9 /* PlayerViewModel.swift in Sources */,
				4972FA492B5696C300D58529 /* DownloadViewModel.swift in Sources */,
				4972FA502B5E9D4B00D58529 /* Style.swift in Sources */,
				20C1CBE166227ECA1EE08FF4 /* SceneDelegate.swift in Sources */,
				4972FA452B55B95E00D58529 /* PlayerView.swift in Sources */,
				49C647AF2B4872F80007A1F9 /* Types.swift in Sources */,
				49C647B32B48758E0007A1F9 /* URLLoader.swift in Sources */,
				4972FA472B5696BA00D58529 /* DownloadView.swift in Sources */,
				49C647A92B4820FE0007A1F9 /* RootViewModel.swift in Sources */,
				4972FA4C2B56AD1C00D58529 /* DownloadService.swift in Sources */,
				49C647B52B4878420007A1F9 /* Hex.swift in Sources */,
				ADE0BECE92423161A13645B2 /* RootView.swift in Sources */,
				4972FA562B5EB58700D58529 /* OfflineDrm.swift in Sources */,
				49C647B12B4873660007A1F9 /* OnlineDrm.swift in Sources */,
				4972FA542B5EAE7C00D58529 /* DownloadDrm.swift in Sources */,
			);
			runOnlyForDeploymentPostprocessing = 0;
		};
		D48FB73764E18C3524F4166B /* Sources */ = {
			isa = PBXSourcesBuildPhase;
			buildActionMask = 2147483647;
			files = (
				F1A43B6A6B710D3854F8E640 /* ExampleTests.swift in Sources */,
			);
			runOnlyForDeploymentPostprocessing = 0;
		};
/* End PBXSourcesBuildPhase section */

/* Begin PBXTargetDependency section */
		33DB213976662BD0F417E6A8 /* PBXTargetDependency */ = {
			isa = PBXTargetDependency;
			target = 9878B5EABC7D83477291BAFC /* Example */;
			targetProxy = 89BB18C761616FF50DD11165 /* PBXContainerItemProxy */;
		};
/* End PBXTargetDependency section */

/* Begin XCBuildConfiguration section */
		398A5AFCD69E760DF19875AD /* Release */ = {
			isa = XCBuildConfiguration;
			buildSettings = {
				ALWAYS_SEARCH_USER_PATHS = NO;
				ASSETCATALOG_COMPILER_GENERATE_SWIFT_ASSET_SYMBOL_EXTENSIONS = YES;
				BUNDLE_DISPLAY_NAME = Example;
				CLANG_ANALYZER_NONNULL = YES;
				CLANG_ANALYZER_NUMBER_OBJECT_CONVERSION = YES_AGGRESSIVE;
				CLANG_CXX_LANGUAGE_STANDARD = "gnu++20";
				CLANG_CXX_LIBRARY = "libc++";
				CLANG_ENABLE_MODULES = YES;
				CLANG_ENABLE_OBJC_ARC = YES;
				CLANG_ENABLE_OBJC_WEAK = YES;
				CLANG_WARN_BLOCK_CAPTURE_AUTORELEASING = YES;
				CLANG_WARN_BOOL_CONVERSION = YES;
				CLANG_WARN_COMMA = YES;
				CLANG_WARN_CONSTANT_CONVERSION = YES;
				CLANG_WARN_DEPRECATED_OBJC_IMPLEMENTATIONS = YES;
				CLANG_WARN_DIRECT_OBJC_ISA_USAGE = YES_ERROR;
				CLANG_WARN_DOCUMENTATION_COMMENTS = YES;
				CLANG_WARN_EMPTY_BODY = YES;
				CLANG_WARN_ENUM_CONVERSION = YES;
				CLANG_WARN_INFINITE_RECURSION = YES;
				CLANG_WARN_INT_CONVERSION = YES;
				CLANG_WARN_NON_LITERAL_NULL_CONVERSION = YES;
				CLANG_WARN_OBJC_IMPLICIT_RETAIN_SELF = YES;
				CLANG_WARN_OBJC_LITERAL_CONVERSION = YES;
				CLANG_WARN_OBJC_ROOT_CLASS = YES_ERROR;
				CLANG_WARN_QUOTED_INCLUDE_IN_FRAMEWORK_HEADER = YES;
				CLANG_WARN_RANGE_LOOP_ANALYSIS = YES;
				CLANG_WARN_STRICT_PROTOTYPES = YES;
				CLANG_WARN_SUSPICIOUS_MOVE = YES;
				CLANG_WARN_UNGUARDED_AVAILABILITY = YES_AGGRESSIVE;
				CLANG_WARN_UNREACHABLE_CODE = YES;
				CLANG_WARN__DUPLICATE_METHOD_MATCH = YES;
				CODE_SIGN_STYLE = Automatic;
				CONFIGURATION_NAME = release;
				COPY_PHASE_STRIP = NO;
				CURRENT_PROJECT_VERSION = 1;
				DEBUG_INFORMATION_FORMAT = "dwarf-with-dsym";
				ENABLE_NS_ASSERTIONS = NO;
				ENABLE_STRICT_OBJC_MSGSEND = YES;
				ENABLE_USER_SCRIPT_SANDBOXING = YES;
				GCC_C_LANGUAGE_STANDARD = gnu17;
				GCC_NO_COMMON_BLOCKS = YES;
				GCC_WARN_64_TO_32_BIT_CONVERSION = YES;
				GCC_WARN_ABOUT_RETURN_TYPE = YES_ERROR;
				GCC_WARN_UNDECLARED_SELECTOR = YES;
				GCC_WARN_UNINITIALIZED_AUTOS = YES_AGGRESSIVE;
				GCC_WARN_UNUSED_FUNCTION = YES;
				GCC_WARN_UNUSED_VARIABLE = YES;
				GENERATE_INFOPLIST_FILE = YES;
				IPHONEOS_DEPLOYMENT_TARGET = 17.2;
				MARKETING_VERSION = 0.0.1;
				MTL_ENABLE_DEBUG_INFO = NO;
				MTL_FAST_MATH = YES;
				PRODUCT_NAME = "$(TARGET_NAME)";
				SDKROOT = iphoneos;
				SWIFT_COMPILATION_MODE = wholemodule;
				SWIFT_OPTIMIZATION_LEVEL = "-O";
				SWIFT_VERSION = 5;
			};
			name = Release;
		};
		520C085CF95A1858D78C54AD /* Debug */ = {
			isa = XCBuildConfiguration;
			buildSettings = {
				BUNDLE_LOADER = "$(TEST_HOST)";
				LD_RUNPATH_SEARCH_PATHS = (
					"$(inherited)",
					"@executable_path/Frameworks",
					"@loader_path/Frameworks",
				);
				PRODUCT_BUNDLE_IDENTIFIER = org.team.Example.tests;
				SDKROOT = iphoneos;
				TARGETED_DEVICE_FAMILY = "1,2";
				TEST_HOST = "$(BUILT_PRODUCTS_DIR)/Example.app/Example";
			};
			name = Debug;
		};
		6ABAA1DE6625CDA89D5F4C14 /* Release */ = {
			isa = XCBuildConfiguration;
			buildSettings = {
				ASSETCATALOG_COMPILER_APPICON_NAME = AppIcon;
				ASSETCATALOG_COMPILER_GLOBAL_ACCENT_COLOR_NAME = AccentColor;
				CODE_SIGN_IDENTITY = "iPhone Developer";
				DEVELOPMENT_TEAM = TA9RQZV3QA;
				INFOPLIST_FILE = Example/Misc/Info.plist;
				INFOPLIST_KEY_UIApplicationSupportsIndirectInputEvents = YES;
				INFOPLIST_KEY_UISupportedInterfaceOrientations_iPad = "UIInterfaceOrientationPortrait UIInterfaceOrientationPortraitUpsideDown UIInterfaceOrientationLandscapeLeft UIInterfaceOrientationLandscapeRight";
				INFOPLIST_KEY_UISupportedInterfaceOrientations_iPhone = "UIInterfaceOrientationPortrait UIInterfaceOrientationLandscapeLeft UIInterfaceOrientationLandscapeRight";
				IPHONEOS_DEPLOYMENT_TARGET = 17.2;
				LD_RUNPATH_SEARCH_PATHS = (
					"$(inherited)",
					"@executable_path/Frameworks",
				);
				PRODUCT_BUNDLE_IDENTIFIER = net.megogo.testplayer;
				SDKROOT = iphoneos;
				TARGETED_DEVICE_FAMILY = "1,2";
			};
			name = Release;
		};
		6F2752D853BD4392F414E20B /* Debug */ = {
			isa = XCBuildConfiguration;
			buildSettings = {
				ASSETCATALOG_COMPILER_APPICON_NAME = AppIcon;
				ASSETCATALOG_COMPILER_GLOBAL_ACCENT_COLOR_NAME = AccentColor;
				CODE_SIGN_IDENTITY = "iPhone Developer";
				DEVELOPMENT_TEAM = TA9RQZV3QA;
				INFOPLIST_FILE = Example/Misc/Info.plist;
				INFOPLIST_KEY_UIApplicationSupportsIndirectInputEvents = YES;
				INFOPLIST_KEY_UISupportedInterfaceOrientations_iPad = "UIInterfaceOrientationPortrait UIInterfaceOrientationPortraitUpsideDown UIInterfaceOrientationLandscapeLeft UIInterfaceOrientationLandscapeRight";
				INFOPLIST_KEY_UISupportedInterfaceOrientations_iPhone = "UIInterfaceOrientationPortrait UIInterfaceOrientationLandscapeLeft UIInterfaceOrientationLandscapeRight";
				IPHONEOS_DEPLOYMENT_TARGET = 17.2;
				LD_RUNPATH_SEARCH_PATHS = (
					"$(inherited)",
					"@executable_path/Frameworks",
				);
				PRODUCT_BUNDLE_IDENTIFIER = net.megogo.testplayer;
				SDKROOT = iphoneos;
				TARGETED_DEVICE_FAMILY = "1,2";
			};
			name = Debug;
		};
		851160309C223EF09A86CD63 /* Release */ = {
			isa = XCBuildConfiguration;
			buildSettings = {
				BUNDLE_LOADER = "$(TEST_HOST)";
				LD_RUNPATH_SEARCH_PATHS = (
					"$(inherited)",
					"@executable_path/Frameworks",
					"@loader_path/Frameworks",
				);
				PRODUCT_BUNDLE_IDENTIFIER = org.team.Example.tests;
				SDKROOT = iphoneos;
				TARGETED_DEVICE_FAMILY = "1,2";
				TEST_HOST = "$(BUILT_PRODUCTS_DIR)/Example.app/Example";
			};
			name = Release;
		};
		F92DAFD0CD6CB829E820A349 /* Debug */ = {
			isa = XCBuildConfiguration;
			buildSettings = {
				ALWAYS_SEARCH_USER_PATHS = NO;
				ASSETCATALOG_COMPILER_GENERATE_SWIFT_ASSET_SYMBOL_EXTENSIONS = YES;
				BUNDLE_DISPLAY_NAME = "Example|D";
				CLANG_ANALYZER_NONNULL = YES;
				CLANG_ANALYZER_NUMBER_OBJECT_CONVERSION = YES_AGGRESSIVE;
				CLANG_CXX_LANGUAGE_STANDARD = "gnu++20";
				CLANG_CXX_LIBRARY = "libc++";
				CLANG_ENABLE_MODULES = YES;
				CLANG_ENABLE_OBJC_ARC = YES;
				CLANG_ENABLE_OBJC_WEAK = YES;
				CLANG_WARN_BLOCK_CAPTURE_AUTORELEASING = YES;
				CLANG_WARN_BOOL_CONVERSION = YES;
				CLANG_WARN_COMMA = YES;
				CLANG_WARN_CONSTANT_CONVERSION = YES;
				CLANG_WARN_DEPRECATED_OBJC_IMPLEMENTATIONS = YES;
				CLANG_WARN_DIRECT_OBJC_ISA_USAGE = YES_ERROR;
				CLANG_WARN_DOCUMENTATION_COMMENTS = YES;
				CLANG_WARN_EMPTY_BODY = YES;
				CLANG_WARN_ENUM_CONVERSION = YES;
				CLANG_WARN_INFINITE_RECURSION = YES;
				CLANG_WARN_INT_CONVERSION = YES;
				CLANG_WARN_NON_LITERAL_NULL_CONVERSION = YES;
				CLANG_WARN_OBJC_IMPLICIT_RETAIN_SELF = YES;
				CLANG_WARN_OBJC_LITERAL_CONVERSION = YES;
				CLANG_WARN_OBJC_ROOT_CLASS = YES_ERROR;
				CLANG_WARN_QUOTED_INCLUDE_IN_FRAMEWORK_HEADER = YES;
				CLANG_WARN_RANGE_LOOP_ANALYSIS = YES;
				CLANG_WARN_STRICT_PROTOTYPES = YES;
				CLANG_WARN_SUSPICIOUS_MOVE = YES;
				CLANG_WARN_UNGUARDED_AVAILABILITY = YES_AGGRESSIVE;
				CLANG_WARN_UNREACHABLE_CODE = YES;
				CLANG_WARN__DUPLICATE_METHOD_MATCH = YES;
				CODE_SIGN_STYLE = Automatic;
				CONFIGURATION_NAME = debug;
				COPY_PHASE_STRIP = NO;
				CURRENT_PROJECT_VERSION = 1;
				DEBUG_INFORMATION_FORMAT = dwarf;
				ENABLE_STRICT_OBJC_MSGSEND = YES;
				ENABLE_TESTABILITY = YES;
				ENABLE_USER_SCRIPT_SANDBOXING = YES;
				GCC_C_LANGUAGE_STANDARD = gnu17;
				GCC_DYNAMIC_NO_PIC = NO;
				GCC_NO_COMMON_BLOCKS = YES;
				GCC_OPTIMIZATION_LEVEL = 0;
				GCC_PREPROCESSOR_DEFINITIONS = (
					"$(inherited)",
					"DEBUG=1",
				);
				GCC_WARN_64_TO_32_BIT_CONVERSION = YES;
				GCC_WARN_ABOUT_RETURN_TYPE = YES_ERROR;
				GCC_WARN_UNDECLARED_SELECTOR = YES;
				GCC_WARN_UNINITIALIZED_AUTOS = YES_AGGRESSIVE;
				GCC_WARN_UNUSED_FUNCTION = YES;
				GCC_WARN_UNUSED_VARIABLE = YES;
				GENERATE_INFOPLIST_FILE = YES;
				IPHONEOS_DEPLOYMENT_TARGET = 17.2;
				MARKETING_VERSION = 0.0.1;
				MTL_ENABLE_DEBUG_INFO = INCLUDE_SOURCE;
				MTL_FAST_MATH = YES;
				ONLY_ACTIVE_ARCH = YES;
				PRODUCT_NAME = "$(TARGET_NAME)";
				SDKROOT = iphoneos;
				SWIFT_ACTIVE_COMPILATION_CONDITIONS = DEBUG;
				SWIFT_OPTIMIZATION_LEVEL = "-Onone";
				SWIFT_VERSION = 5;
			};
			name = Debug;
		};
/* End XCBuildConfiguration section */

/* Begin XCConfigurationList section */
		2557384DB91FFBC8B78A3DC4 /* Build configuration list for PBXNativeTarget "Example" */ = {
			isa = XCConfigurationList;
			buildConfigurations = (
				6F2752D853BD4392F414E20B /* Debug */,
				6ABAA1DE6625CDA89D5F4C14 /* Release */,
			);
			defaultConfigurationIsVisible = 0;
			defaultConfigurationName = Release;
		};
		36FC72E69D906F48675C62BF /* Build configuration list for PBXProject "Example" */ = {
			isa = XCConfigurationList;
			buildConfigurations = (
				F92DAFD0CD6CB829E820A349 /* Debug */,
				398A5AFCD69E760DF19875AD /* Release */,
			);
			defaultConfigurationIsVisible = 0;
			defaultConfigurationName = Release;
		};
		E77C6B9F1074A70FE3E3385A /* Build configuration list for PBXNativeTarget "ExampleTests" */ = {
			isa = XCConfigurationList;
			buildConfigurations = (
				520C085CF95A1858D78C54AD /* Debug */,
				851160309C223EF09A86CD63 /* Release */,
			);
			defaultConfigurationIsVisible = 0;
			defaultConfigurationName = Release;
		};
/* End XCConfigurationList section */
	};
	rootObject = CA8E1E974698BC95958F017F /* Project object */;
}
